// !$*UTF8*$!
{
	archiveVersion = 1;
	classes = {
	};
	objectVersion = 50;
	objects = {

/* Begin PBXBuildFile section */
		7B29AB182273B2F7001AB298 /* ConcentrationViewController.swift in Sources */ = {isa = PBXBuildFile; fileRef = 7B29AB172273B2F7001AB298 /* ConcentrationViewController.swift */; };
		7B29AB1A2273B92F001AB298 /* ConcentrationThemeChooserViewController.swift in Sources */ = {isa = PBXBuildFile; fileRef = 7B29AB192273B92F001AB298 /* ConcentrationThemeChooserViewController.swift */; };
		7B29AB1C2273B9E0001AB298 /* ConcentrationGame.swift in Sources */ = {isa = PBXBuildFile; fileRef = 7B29AB1B2273B9E0001AB298 /* ConcentrationGame.swift */; };
		7B29AB1E2273BA10001AB298 /* ConcentrationCard.swift in Sources */ = {isa = PBXBuildFile; fileRef = 7B29AB1D2273BA10001AB298 /* ConcentrationCard.swift */; };
		7BE2B0892272150E004EB4E8 /* AppDelegate.swift in Sources */ = {isa = PBXBuildFile; fileRef = 7BE2B0882272150E004EB4E8 /* AppDelegate.swift */; };
		7BE2B08E2272150E004EB4E8 /* Main.storyboard in Resources */ = {isa = PBXBuildFile; fileRef = 7BE2B08C2272150E004EB4E8 /* Main.storyboard */; };
		7BE2B0902272150F004EB4E8 /* Assets.xcassets in Resources */ = {isa = PBXBuildFile; fileRef = 7BE2B08F2272150F004EB4E8 /* Assets.xcassets */; };
		7BE2B0932272150F004EB4E8 /* LaunchScreen.storyboard in Resources */ = {isa = PBXBuildFile; fileRef = 7BE2B0912272150F004EB4E8 /* LaunchScreen.storyboard */; };
		7BFD862F227225A300777DF6 /* ArcadeTabBarViewController.swift in Sources */ = {isa = PBXBuildFile; fileRef = 7BFD862E227225A300777DF6 /* ArcadeTabBarViewController.swift */; };
		7BFD86312272260E00777DF6 /* SetViewController.swift in Sources */ = {isa = PBXBuildFile; fileRef = 7BFD86302272260E00777DF6 /* SetViewController.swift */; };
		7BFD863D2272299900777DF6 /* SetCard.swift in Sources */ = {isa = PBXBuildFile; fileRef = 7BFD863A2272299900777DF6 /* SetCard.swift */; };
		7BFD863E2272299900777DF6 /* Grid.swift in Sources */ = {isa = PBXBuildFile; fileRef = 7BFD863B2272299900777DF6 /* Grid.swift */; };
		7BFD863F2272299900777DF6 /* SetGame.swift in Sources */ = {isa = PBXBuildFile; fileRef = 7BFD863C2272299900777DF6 /* SetGame.swift */; };
		7BFD8641227229A900777DF6 /* CardView.swift in Sources */ = {isa = PBXBuildFile; fileRef = 7BFD8640227229A900777DF6 /* CardView.swift */; };
/* End PBXBuildFile section */

/* Begin PBXFileReference section */
		7B29AB172273B2F7001AB298 /* ConcentrationViewController.swift */ = {isa = PBXFileReference; lastKnownFileType = sourcecode.swift; path = ConcentrationViewController.swift; sourceTree = "<group>"; };
		7B29AB192273B92F001AB298 /* ConcentrationThemeChooserViewController.swift */ = {isa = PBXFileReference; lastKnownFileType = sourcecode.swift; path = ConcentrationThemeChooserViewController.swift; sourceTree = "<group>"; };
		7B29AB1B2273B9E0001AB298 /* ConcentrationGame.swift */ = {isa = PBXFileReference; lastKnownFileType = sourcecode.swift; path = ConcentrationGame.swift; sourceTree = "<group>"; };
		7B29AB1D2273BA10001AB298 /* ConcentrationCard.swift */ = {isa = PBXFileReference; lastKnownFileType = sourcecode.swift; path = ConcentrationCard.swift; sourceTree = "<group>"; };
		7BE2B0852272150E004EB4E8 /* Arcade.app */ = {isa = PBXFileReference; explicitFileType = wrapper.application; includeInIndex = 0; path = Arcade.app; sourceTree = BUILT_PRODUCTS_DIR; };
		7BE2B0882272150E004EB4E8 /* AppDelegate.swift */ = {isa = PBXFileReference; lastKnownFileType = sourcecode.swift; path = AppDelegate.swift; sourceTree = "<group>"; };
		7BE2B08D2272150E004EB4E8 /* Base */ = {isa = PBXFileReference; lastKnownFileType = file.storyboard; name = Base; path = Base.lproj/Main.storyboard; sourceTree = "<group>"; };
		7BE2B08F2272150F004EB4E8 /* Assets.xcassets */ = {isa = PBXFileReference; lastKnownFileType = folder.assetcatalog; path = Assets.xcassets; sourceTree = "<group>"; };
		7BE2B0922272150F004EB4E8 /* Base */ = {isa = PBXFileReference; lastKnownFileType = file.storyboard; name = Base; path = Base.lproj/LaunchScreen.storyboard; sourceTree = "<group>"; };
		7BE2B0942272150F004EB4E8 /* Info.plist */ = {isa = PBXFileReference; lastKnownFileType = text.plist.xml; path = Info.plist; sourceTree = "<group>"; };
		7BFD862E227225A300777DF6 /* ArcadeTabBarViewController.swift */ = {isa = PBXFileReference; lastKnownFileType = sourcecode.swift; path = ArcadeTabBarViewController.swift; sourceTree = "<group>"; };
		7BFD86302272260E00777DF6 /* SetViewController.swift */ = {isa = PBXFileReference; lastKnownFileType = sourcecode.swift; path = SetViewController.swift; sourceTree = "<group>"; };
		7BFD863A2272299900777DF6 /* SetCard.swift */ = {isa = PBXFileReference; fileEncoding = 4; lastKnownFileType = sourcecode.swift; path = SetCard.swift; sourceTree = "<group>"; };
		7BFD863B2272299900777DF6 /* Grid.swift */ = {isa = PBXFileReference; fileEncoding = 4; lastKnownFileType = sourcecode.swift; path = Grid.swift; sourceTree = "<group>"; };
		7BFD863C2272299900777DF6 /* SetGame.swift */ = {isa = PBXFileReference; fileEncoding = 4; lastKnownFileType = sourcecode.swift; path = SetGame.swift; sourceTree = "<group>"; };
		7BFD8640227229A900777DF6 /* CardView.swift */ = {isa = PBXFileReference; fileEncoding = 4; lastKnownFileType = sourcecode.swift; path = CardView.swift; sourceTree = "<group>"; };
/* End PBXFileReference section */

/* Begin PBXFrameworksBuildPhase section */
		7BE2B0822272150E004EB4E8 /* Frameworks */ = {
			isa = PBXFrameworksBuildPhase;
			buildActionMask = 2147483647;
			files = (
			);
			runOnlyForDeploymentPostprocessing = 0;
		};
/* End PBXFrameworksBuildPhase section */

/* Begin PBXGroup section */
		7BE2B07C2272150E004EB4E8 = {
			isa = PBXGroup;
			children = (
				7BE2B0872272150E004EB4E8 /* Arcade */,
				7BE2B0862272150E004EB4E8 /* Products */,
			);
			sourceTree = "<group>";
		};
		7BE2B0862272150E004EB4E8 /* Products */ = {
			isa = PBXGroup;
			children = (
				7BE2B0852272150E004EB4E8 /* Arcade.app */,
			);
			name = Products;
			sourceTree = "<group>";
		};
		7BE2B0872272150E004EB4E8 /* Arcade */ = {
			isa = PBXGroup;
			children = (
				7BFD862D2272255A00777DF6 /* Views */,
				7BFD862C2272254300777DF6 /* Controllers */,
				7BFD862A2272251B00777DF6 /* Models */,
				7BE2B0882272150E004EB4E8 /* AppDelegate.swift */,
				7BE2B08C2272150E004EB4E8 /* Main.storyboard */,
				7BE2B08F2272150F004EB4E8 /* Assets.xcassets */,
				7BE2B0912272150F004EB4E8 /* LaunchScreen.storyboard */,
				7BE2B0942272150F004EB4E8 /* Info.plist */,
			);
			path = Arcade;
			sourceTree = "<group>";
		};
		7BFD862A2272251B00777DF6 /* Models */ = {
			isa = PBXGroup;
			children = (
				7BFD86372272291300777DF6 /* Concentration */,
				7BFD86362272290E00777DF6 /* Set */,
			);
			path = Models;
			sourceTree = "<group>";
		};
		7BFD862C2272254300777DF6 /* Controllers */ = {
			isa = PBXGroup;
			children = (
				7BFD86332272288800777DF6 /* Concentration */,
				7BFD86322272288000777DF6 /* Set */,
				7BFD862E227225A300777DF6 /* ArcadeTabBarViewController.swift */,
			);
			path = Controllers;
			sourceTree = "<group>";
		};
		7BFD862D2272255A00777DF6 /* Views */ = {
			isa = PBXGroup;
			children = (
				7BFD86382272292600777DF6 /* Concentration */,
				7BFD86392272292D00777DF6 /* Set */,
			);
			path = Views;
			sourceTree = "<group>";
		};
		7BFD86322272288000777DF6 /* Set */ = {
			isa = PBXGroup;
			children = (
				7BFD86302272260E00777DF6 /* SetViewController.swift */,
			);
			path = Set;
			sourceTree = "<group>";
		};
		7BFD86332272288800777DF6 /* Concentration */ = {
			isa = PBXGroup;
			children = (
				7B29AB172273B2F7001AB298 /* ConcentrationViewController.swift */,
				7B29AB192273B92F001AB298 /* ConcentrationThemeChooserViewController.swift */,
			);
			path = Concentration;
			sourceTree = "<group>";
		};
		7BFD86362272290E00777DF6 /* Set */ = {
			isa = PBXGroup;
			children = (
				7BFD863A2272299900777DF6 /* SetCard.swift */,
				7BFD863B2272299900777DF6 /* Grid.swift */,
				7BFD863C2272299900777DF6 /* SetGame.swift */,
			);
			path = Set;
			sourceTree = "<group>";
		};
		7BFD86372272291300777DF6 /* Concentration */ = {
			isa = PBXGroup;
			children = (
				7B29AB1B2273B9E0001AB298 /* ConcentrationGame.swift */,
				7B29AB1D2273BA10001AB298 /* ConcentrationCard.swift */,
			);
			path = Concentration;
			sourceTree = "<group>";
		};
		7BFD86382272292600777DF6 /* Concentration */ = {
			isa = PBXGroup;
			children = (
			);
			path = Concentration;
			sourceTree = "<group>";
		};
		7BFD86392272292D00777DF6 /* Set */ = {
			isa = PBXGroup;
			children = (
				7BFD8640227229A900777DF6 /* CardView.swift */,
			);
			path = Set;
			sourceTree = "<group>";
		};
/* End PBXGroup section */

/* Begin PBXNativeTarget section */
		7BE2B0842272150E004EB4E8 /* Arcade */ = {
			isa = PBXNativeTarget;
			buildConfigurationList = 7BE2B0972272150F004EB4E8 /* Build configuration list for PBXNativeTarget "Arcade" */;
			buildPhases = (
				7BE2B0812272150E004EB4E8 /* Sources */,
				7BE2B0822272150E004EB4E8 /* Frameworks */,
				7BE2B0832272150E004EB4E8 /* Resources */,
			);
			buildRules = (
			);
			dependencies = (
			);
			name = Arcade;
			productName = Arcade;
			productReference = 7BE2B0852272150E004EB4E8 /* Arcade.app */;
			productType = "com.apple.product-type.application";
		};
/* End PBXNativeTarget section */

/* Begin PBXProject section */
		7BE2B07D2272150E004EB4E8 /* Project object */ = {
			isa = PBXProject;
			attributes = {
				LastSwiftUpdateCheck = 1020;
				LastUpgradeCheck = 1020;
				ORGANIZATIONNAME = "Gauge Structures";
				TargetAttributes = {
					7BE2B0842272150E004EB4E8 = {
						CreatedOnToolsVersion = 10.2;
					};
				};
			};
			buildConfigurationList = 7BE2B0802272150E004EB4E8 /* Build configuration list for PBXProject "Arcade" */;
			compatibilityVersion = "Xcode 9.3";
			developmentRegion = en;
			hasScannedForEncodings = 0;
			knownRegions = (
				en,
				Base,
			);
			mainGroup = 7BE2B07C2272150E004EB4E8;
			productRefGroup = 7BE2B0862272150E004EB4E8 /* Products */;
			projectDirPath = "";
			projectRoot = "";
			targets = (
				7BE2B0842272150E004EB4E8 /* Arcade */,
			);
		};
/* End PBXProject section */

/* Begin PBXResourcesBuildPhase section */
		7BE2B0832272150E004EB4E8 /* Resources */ = {
			isa = PBXResourcesBuildPhase;
			buildActionMask = 2147483647;
			files = (
				7BE2B0932272150F004EB4E8 /* LaunchScreen.storyboard in Resources */,
				7BE2B0902272150F004EB4E8 /* Assets.xcassets in Resources */,
				7BE2B08E2272150E004EB4E8 /* Main.storyboard in Resources */,
			);
			runOnlyForDeploymentPostprocessing = 0;
		};
/* End PBXResourcesBuildPhase section */

/* Begin PBXSourcesBuildPhase section */
		7BE2B0812272150E004EB4E8 /* Sources */ = {
			isa = PBXSourcesBuildPhase;
			buildActionMask = 2147483647;
			files = (
				7BFD8641227229A900777DF6 /* CardView.swift in Sources */,
				7BFD862F227225A300777DF6 /* ArcadeTabBarViewController.swift in Sources */,
				7BFD86312272260E00777DF6 /* SetViewController.swift in Sources */,
				7BE2B0892272150E004EB4E8 /* AppDelegate.swift in Sources */,
				7B29AB1A2273B92F001AB298 /* ConcentrationThemeChooserViewController.swift in Sources */,
				7BFD863E2272299900777DF6 /* Grid.swift in Sources */,
				7BFD863F2272299900777DF6 /* SetGame.swift in Sources */,
				7B29AB1C2273B9E0001AB298 /* ConcentrationGame.swift in Sources */,
				7B29AB182273B2F7001AB298 /* ConcentrationViewController.swift in Sources */,
				7BFD863D2272299900777DF6 /* SetCard.swift in Sources */,
				7B29AB1E2273BA10001AB298 /* ConcentrationCard.swift in Sources */,
			);
			runOnlyForDeploymentPostprocessing = 0;
		};
/* End PBXSourcesBuildPhase section */

/* Begin PBXVariantGroup section */
		7BE2B08C2272150E004EB4E8 /* Main.storyboard */ = {
			isa = PBXVariantGroup;
			children = (
				7BE2B08D2272150E004EB4E8 /* Base */,
			);
			name = Main.storyboard;
			sourceTree = "<group>";
		};
		7BE2B0912272150F004EB4E8 /* LaunchScreen.storyboard */ = {
			isa = PBXVariantGroup;
			children = (
				7BE2B0922272150F004EB4E8 /* Base */,
			);
			name = LaunchScreen.storyboard;
			sourceTree = "<group>";
		};
/* End PBXVariantGroup section */

/* Begin XCBuildConfiguration section */
		7BE2B0952272150F004EB4E8 /* Debug */ = {
			isa = XCBuildConfiguration;
			buildSettings = {
				ALWAYS_SEARCH_USER_PATHS = NO;
				CLANG_ANALYZER_NONNULL = YES;
				CLANG_ANALYZER_NUMBER_OBJECT_CONVERSION = YES_AGGRESSIVE;
				CLANG_CXX_LANGUAGE_STANDARD = "gnu++14";
				CLANG_CXX_LIBRARY = "libc++";
				CLANG_ENABLE_MODULES = YES;
				CLANG_ENABLE_OBJC_ARC = YES;
				CLANG_ENABLE_OBJC_WEAK = YES;
				CLANG_WARN_BLOCK_CAPTURE_AUTORELEASING = YES;
				CLANG_WARN_BOOL_CONVERSION = YES;
				CLANG_WARN_COMMA = YES;
				CLANG_WARN_CONSTANT_CONVERSION = YES;
				CLANG_WARN_DEPRECATED_OBJC_IMPLEMENTATIONS = YES;
				CLANG_WARN_DIRECT_OBJC_ISA_USAGE = YES_ERROR;
				CLANG_WARN_DOCUMENTATION_COMMENTS = YES;
				CLANG_WARN_EMPTY_BODY = YES;
				CLANG_WARN_ENUM_CONVERSION = YES;
				CLANG_WARN_INFINITE_RECURSION = YES;
				CLANG_WARN_INT_CONVERSION = YES;
				CLANG_WARN_NON_LITERAL_NULL_CONVERSION = YES;
				CLANG_WARN_OBJC_IMPLICIT_RETAIN_SELF = YES;
				CLANG_WARN_OBJC_LITERAL_CONVERSION = YES;
				CLANG_WARN_OBJC_ROOT_CLASS = YES_ERROR;
				CLANG_WARN_RANGE_LOOP_ANALYSIS = YES;
				CLANG_WARN_STRICT_PROTOTYPES = YES;
				CLANG_WARN_SUSPICIOUS_MOVE = YES;
				CLANG_WARN_UNGUARDED_AVAILABILITY = YES_AGGRESSIVE;
				CLANG_WARN_UNREACHABLE_CODE = YES;
				CLANG_WARN__DUPLICATE_METHOD_MATCH = YES;
				CODE_SIGN_IDENTITY = "iPhone Developer";
				COPY_PHASE_STRIP = NO;
				DEBUG_INFORMATION_FORMAT = dwarf;
				ENABLE_STRICT_OBJC_MSGSEND = YES;
				ENABLE_TESTABILITY = YES;
				GCC_C_LANGUAGE_STANDARD = gnu11;
				GCC_DYNAMIC_NO_PIC = NO;
				GCC_NO_COMMON_BLOCKS = YES;
				GCC_OPTIMIZATION_LEVEL = 0;
				GCC_PREPROCESSOR_DEFINITIONS = (
					"DEBUG=1",
					"$(inherited)",
				);
				GCC_WARN_64_TO_32_BIT_CONVERSION = YES;
				GCC_WARN_ABOUT_RETURN_TYPE = YES_ERROR;
				GCC_WARN_UNDECLARED_SELECTOR = YES;
				GCC_WARN_UNINITIALIZED_AUTOS = YES_AGGRESSIVE;
				GCC_WARN_UNUSED_FUNCTION = YES;
				GCC_WARN_UNUSED_VARIABLE = YES;
				IPHONEOS_DEPLOYMENT_TARGET = 12.2;
				MTL_ENABLE_DEBUG_INFO = INCLUDE_SOURCE;
				MTL_FAST_MATH = YES;
				ONLY_ACTIVE_ARCH = YES;
				SDKROOT = iphoneos;
				SWIFT_ACTIVE_COMPILATION_CONDITIONS = DEBUG;
				SWIFT_OPTIMIZATION_LEVEL = "-Onone";
			};
			name = Debug;
		};
		7BE2B0962272150F004EB4E8 /* Release */ = {
			isa = XCBuildConfiguration;
			buildSettings = {
				ALWAYS_SEARCH_USER_PATHS = NO;
				CLANG_ANALYZER_NONNULL = YES;
				CLANG_ANALYZER_NUMBER_OBJECT_CONVERSION = YES_AGGRESSIVE;
				CLANG_CXX_LANGUAGE_STANDARD = "gnu++14";
				CLANG_CXX_LIBRARY = "libc++";
				CLANG_ENABLE_MODULES = YES;
				CLANG_ENABLE_OBJC_ARC = YES;
				CLANG_ENABLE_OBJC_WEAK = YES;
				CLANG_WARN_BLOCK_CAPTURE_AUTORELEASING = YES;
				CLANG_WARN_BOOL_CONVERSION = YES;
				CLANG_WARN_COMMA = YES;
				CLANG_WARN_CONSTANT_CONVERSION = YES;
				CLANG_WARN_DEPRECATED_OBJC_IMPLEMENTATIONS = YES;
				CLANG_WARN_DIRECT_OBJC_ISA_USAGE = YES_ERROR;
				CLANG_WARN_DOCUMENTATION_COMMENTS = YES;
				CLANG_WARN_EMPTY_BODY = YES;
				CLANG_WARN_ENUM_CONVERSION = YES;
				CLANG_WARN_INFINITE_RECURSION = YES;
				CLANG_WARN_INT_CONVERSION = YES;
				CLANG_WARN_NON_LITERAL_NULL_CONVERSION = YES;
				CLANG_WARN_OBJC_IMPLICIT_RETAIN_SELF = YES;
				CLANG_WARN_OBJC_LITERAL_CONVERSION = YES;
				CLANG_WARN_OBJC_ROOT_CLASS = YES_ERROR;
				CLANG_WARN_RANGE_LOOP_ANALYSIS = YES;
				CLANG_WARN_STRICT_PROTOTYPES = YES;
				CLANG_WARN_SUSPICIOUS_MOVE = YES;
				CLANG_WARN_UNGUARDED_AVAILABILITY = YES_AGGRESSIVE;
				CLANG_WARN_UNREACHABLE_CODE = YES;
				CLANG_WARN__DUPLICATE_METHOD_MATCH = YES;
				CODE_SIGN_IDENTITY = "iPhone Developer";
				COPY_PHASE_STRIP = NO;
				DEBUG_INFORMATION_FORMAT = "dwarf-with-dsym";
				ENABLE_NS_ASSERTIONS = NO;
				ENABLE_STRICT_OBJC_MSGSEND = YES;
				GCC_C_LANGUAGE_STANDARD = gnu11;
				GCC_NO_COMMON_BLOCKS = YES;
				GCC_WARN_64_TO_32_BIT_CONVERSION = YES;
				GCC_WARN_ABOUT_RETURN_TYPE = YES_ERROR;
				GCC_WARN_UNDECLARED_SELECTOR = YES;
				GCC_WARN_UNINITIALIZED_AUTOS = YES_AGGRESSIVE;
				GCC_WARN_UNUSED_FUNCTION = YES;
				GCC_WARN_UNUSED_VARIABLE = YES;
				IPHONEOS_DEPLOYMENT_TARGET = 12.2;
				MTL_ENABLE_DEBUG_INFO = NO;
				MTL_FAST_MATH = YES;
				SDKROOT = iphoneos;
				SWIFT_COMPILATION_MODE = wholemodule;
				SWIFT_OPTIMIZATION_LEVEL = "-O";
				VALIDATE_PRODUCT = YES;
			};
			name = Release;
		};
		7BE2B0982272150F004EB4E8 /* Debug */ = {
			isa = XCBuildConfiguration;
			buildSettings = {
				ASSETCATALOG_COMPILER_APPICON_NAME = AppIcon;
				CODE_SIGN_STYLE = Automatic;
				DEVELOPMENT_TEAM = SKWB93NN4T;
				INFOPLIST_FILE = Arcade/Info.plist;
				LD_RUNPATH_SEARCH_PATHS = (
					"$(inherited)",
					"@executable_path/Frameworks",
				);
				PRODUCT_BUNDLE_IDENTIFIER = org.gauge.structures.Arcade;
				PRODUCT_NAME = "$(TARGET_NAME)";
				SWIFT_VERSION = 5.0;
				TARGETED_DEVICE_FAMILY = "1,2";
			};
			name = Debug;
		};
		7BE2B0992272150F004EB4E8 /* Release */ = {
			isa = XCBuildConfiguration;
			buildSettings = {
				ASSETCATALOG_COMPILER_APPICON_NAME = AppIcon;
				CODE_SIGN_STYLE = Automatic;
				DEVELOPMENT_TEAM = SKWB93NN4T;
				INFOPLIST_FILE = Arcade/Info.plist;
				LD_RUNPATH_SEARCH_PATHS = (
					"$(inherited)",
					"@executable_path/Frameworks",
				);
				PRODUCT_BUNDLE_IDENTIFIER = org.gauge.structures.Arcade;
				PRODUCT_NAME = "$(TARGET_NAME)";
				SWIFT_VERSION = 5.0;
				TARGETED_DEVICE_FAMILY = "1,2";
			};
			name = Release;
		};
/* End XCBuildConfiguration section */

/* Begin XCConfigurationList section */
		7BE2B0802272150E004EB4E8 /* Build configuration list for PBXProject "Arcade" */ = {
			isa = XCConfigurationList;
			buildConfigurations = (
				7BE2B0952272150F004EB4E8 /* Debug */,
				7BE2B0962272150F004EB4E8 /* Release */,
			);
			defaultConfigurationIsVisible = 0;
			defaultConfigurationName = Release;
		};
		7BE2B0972272150F004EB4E8 /* Build configuration list for PBXNativeTarget "Arcade" */ = {
			isa = XCConfigurationList;
			buildConfigurations = (
				7BE2B0982272150F004EB4E8 /* Debug */,
				7BE2B0992272150F004EB4E8 /* Release */,
			);
			defaultConfigurationIsVisible = 0;
			defaultConfigurationName = Release;
		};
/* End XCConfigurationList section */
	};
	rootObject = 7BE2B07D2272150E004EB4E8 /* Project object */;
}
